Microsoft Visual Studio Solution File, Format Version 12.00
# Visual Studio Version 17
VisualStudioVersion = 17.0.31903.59
MinimumVisualStudioVersion = 10.0.40219.1
Project("{2150E333-8FDC-42A3-9474-1A3956D46DE8}") = "src", "src", "{37C001A2-6CEE-49C3-9FB3-154D190180F5}"
EndProject
Project("{FAE04EC0-301F-11D3-BF4B-00C04F79EFBC}") = "Core", "src\Core\Core.csproj", "{843F0D34-E1F8-4EDE-A7FA-FFDEBC43AFFC}"
EndProject
Project("{2150E333-8FDC-42A3-9474-1A3956D46DE8}") = "test", "test", "{6DA73198-0805-44B1-A179-B702D3E594E5}"
EndProject
Project("{FAE04EC0-301F-11D3-BF4B-00C04F79EFBC}") = "Core.UnitTests", "test\Core.UnitTests\Core.UnitTests.csproj", "{CE1265AE-B469-4B5A-9A35-ED690B7B5970}"
EndProject
Global
	GlobalSection(SolutionConfigurationPlatforms) = preSolution
		Debug|Any CPU = Debug|Any CPU
		Release|Any CPU = Release|Any CPU
	EndGlobalSection
	GlobalSection(SolutionProperties) = preSolution
		HideSolutionNode = FALSE
	EndGlobalSection
	GlobalSection(ProjectConfigurationPlatforms) = postSolution
		{843F0D34-E1F8-4EDE-A7FA-FFDEBC43AFFC}.Debug|Any CPU.ActiveCfg = Debug|Any CPU
		{843F0D34-E1F8-4EDE-A7FA-FFDEBC43AFFC}.Debug|Any CPU.Build.0 = Debug|Any CPU
		{843F0D34-E1F8-4EDE-A7FA-FFDEBC43AFFC}.Release|Any CPU.ActiveCfg = Release|Any CPU
		{843F0D34-E1F8-4EDE-A7FA-FFDEBC43AFFC}.Release|Any CPU.Build.0 = Release|Any CPU
		{CE1265AE-B469-4B5A-9A35-ED690B7B5970}.Debug|Any CPU.ActiveCfg = Debug|Any CPU
		{CE1265AE-B469-4B5A-9A35-ED690B7B5970}.Debug|Any CPU.Build.0 = Debug|Any CPU
		{CE1265AE-B469-4B5A-9A35-ED690B7B5970}.Release|Any CPU.ActiveCfg = Release|Any CPU
		{CE1265AE-B469-4B5A-9A35-ED690B7B5970}.Release|Any CPU.Build.0 = Release|Any CPU
	EndGlobalSection
	GlobalSection(NestedProjects) = preSolution
		{843F0D34-E1F8-4EDE-A7FA-FFDEBC43AFFC} = {37C001A2-6CEE-49C3-9FB3-154D190180F5}
		{CE1265AE-B469-4B5A-9A35-ED690B7B5970} = {6DA73198-0805-44B1-A179-B702D3E594E5}
	EndGlobalSection
EndGlobal
